
Microsoft Visual Studio Solution File, Format Version 12.00
# Visual Studio 14
VisualStudioVersion = 14.0.25420.1
MinimumVisualStudioVersion = 10.0.40219.1
Project("{FAE04EC0-301F-11D3-BF4B-00C04F79EFBC}") = "ConsoleApp", "ConsoleApp\ConsoleApp.csproj", "{B28C1BB9-48FD-4577-8E06-872E29BC4B7B}"
EndProject
Global
	GlobalSection(SolutionConfigurationPlatforms) = preSolution
		Debug|Any CPU = Debug|Any CPU
		Release|Any CPU = Release|Any CPU
	EndGlobalSection
	GlobalSection(ProjectConfigurationPlatforms) = postSolution
		{B28C1BB9-48FD-4577-8E06-872E29BC4B7B}.Debug|Any CPU.ActiveCfg = Debug|Any CPU
		{B28C1BB9-48FD-4577-8E06-872E29BC4B7B}.Debug|Any CPU.Build.0 = Debug|Any CPU
		{B28C1BB9-48FD-4577-8E06-872E29BC4B7B}.Release|Any CPU.ActiveCfg = Release|Any CPU
		{B28C1BB9-48FD-4577-8E06-872E29BC4B7B}.Release|Any CPU.Build.0 = Release|Any CPU
	EndGlobalSection
	GlobalSection(SolutionProperties) = preSolution
		HideSolutionNode = FALSE
	EndGlobalSection
EndGlobal
